{
    "version": 3,
    "terraform_version": "0.11.3",
    "serial": 24,
    "lineage": "9614b5cb-54bb-4bca-828f-d63f2d9bbae6",
    "modules": [
        {
            "path": [
                "root"
            ],
            "outputs": {
                "kafka_public_dns": {
                    "sensitive": false,
                    "type": "string",
                    "value": "ec2-34-240-227-62.eu-west-1.compute.amazonaws.com:9092,ec2-34-241-170-23.eu-west-1.compute.amazonaws.com:9092"
                },
                "zookeeper_addresses": {
                    "sensitive": false,
                    "type": "string",
                    "value": "10.0.1.21:2181,10.0.1.22:2181"
                }
            },
            "resources": {
                "aws_eip.kafka_eip": {
                    "type": "aws_eip",
                    "depends_on": [
                        "aws_internet_gateway.kafka_gateway"
                    ],
                    "primary": {
                        "id": "eipalloc-1fe75d22",
                        "attributes": {
                            "association_id": "",
                            "domain": "vpc",
                            "id": "eipalloc-1fe75d22",
                            "instance": "",
                            "network_interface": "",
                            "private_ip": "",
                            "public_ip": "34.242.157.234",
                            "tags.%": "1",
                            "tags.Name": "kafka-vpc",
                            "vpc": "true"
                        },
                        "meta": {},
                        "tainted": false
                    },
                    "deposed": [],
                    "provider": "provider.aws"
                },
                "aws_internet_gateway.kafka_gateway": {
                    "type": "aws_internet_gateway",
                    "depends_on": [
                        "aws_vpc.kafka_vpc"
                    ],
                    "primary": {
                        "id": "igw-2a6ae34d",
                        "attributes": {
                            "id": "igw-2a6ae34d",
                            "tags.%": "1",
                            "tags.Name": "kafka-vpc",
                            "vpc_id": "vpc-a0f955c6"
                        },
                        "meta": {},
                        "tainted": false
                    },
                    "deposed": [],
                    "provider": "provider.aws"
                },
                "aws_nat_gateway.kafka_nat": {
                    "type": "aws_nat_gateway",
                    "depends_on": [
                        "aws_eip.kafka_eip",
                        "aws_internet_gateway.kafka_gateway",
                        "aws_subnet.kafka_public"
                    ],
                    "primary": {
                        "id": "nat-0872dc96258d02d35",
                        "attributes": {
                            "allocation_id": "eipalloc-1fe75d22",
                            "id": "nat-0872dc96258d02d35",
                            "network_interface_id": "eni-aadc4b99",
                            "private_ip": "10.0.1.175",
                            "public_ip": "34.242.157.234",
                            "subnet_id": "subnet-ee70b9a6",
                            "tags.%": "1",
                            "tags.Name": "kafka-vpc"
                        },
                        "meta": {},
                        "tainted": false
                    },
                    "deposed": [],
                    "provider": "provider.aws"
                },
                "aws_route.internet_access": {
                    "type": "aws_route",
                    "depends_on": [
                        "aws_internet_gateway.kafka_gateway",
                        "aws_vpc.kafka_vpc"
                    ],
                    "primary": {
                        "id": "r-rtb-59cc30201080289494",
                        "attributes": {
                            "destination_cidr_block": "0.0.0.0/0",
                            "destination_prefix_list_id": "",
                            "egress_only_gateway_id": "",
                            "gateway_id": "igw-2a6ae34d",
                            "id": "r-rtb-59cc30201080289494",
                            "instance_id": "",
                            "instance_owner_id": "",
                            "nat_gateway_id": "",
                            "network_interface_id": "",
                            "origin": "CreateRoute",
                            "route_table_id": "rtb-59cc3020",
                            "state": "active",
                            "vpc_peering_connection_id": ""
                        },
                        "meta": {},
                        "tainted": false
                    },
                    "deposed": [],
                    "provider": "provider.aws"
                },
                "aws_security_group.kafka_sg": {
                    "type": "aws_security_group",
                    "depends_on": [
                        "aws_vpc.kafka_vpc"
                    ],
                    "primary": {
                        "id": "sg-8f0b9df5",
                        "attributes": {
                            "description": "Allow traffic to pass from the internet",
                            "egress.#": "1",
                            "egress.482069346.cidr_blocks.#": "1",
                            "egress.482069346.cidr_blocks.0": "0.0.0.0/0",
                            "egress.482069346.description": "",
                            "egress.482069346.from_port": "0",
                            "egress.482069346.ipv6_cidr_blocks.#": "0",
                            "egress.482069346.prefix_list_ids.#": "0",
                            "egress.482069346.protocol": "-1",
                            "egress.482069346.security_groups.#": "0",
                            "egress.482069346.self": "false",
                            "egress.482069346.to_port": "0",
                            "id": "sg-8f0b9df5",
                            "ingress.#": "8",
                            "ingress.1799340084.cidr_blocks.#": "1",
                            "ingress.1799340084.cidr_blocks.0": "0.0.0.0/0",
                            "ingress.1799340084.description": "",
                            "ingress.1799340084.from_port": "-1",
                            "ingress.1799340084.ipv6_cidr_blocks.#": "0",
                            "ingress.1799340084.protocol": "icmp",
                            "ingress.1799340084.security_groups.#": "0",
                            "ingress.1799340084.self": "false",
                            "ingress.1799340084.to_port": "-1",
                            "ingress.2040044322.cidr_blocks.#": "1",
                            "ingress.2040044322.cidr_blocks.0": "0.0.0.0/0",
                            "ingress.2040044322.description": "",
                            "ingress.2040044322.from_port": "2181",
                            "ingress.2040044322.ipv6_cidr_blocks.#": "0",
                            "ingress.2040044322.protocol": "tcp",
                            "ingress.2040044322.security_groups.#": "0",
                            "ingress.2040044322.self": "false",
                            "ingress.2040044322.to_port": "2181",
                            "ingress.2095391280.cidr_blocks.#": "1",
                            "ingress.2095391280.cidr_blocks.0": "0.0.0.0/0",
                            "ingress.2095391280.description": "",
                            "ingress.2095391280.from_port": "3888",
                            "ingress.2095391280.ipv6_cidr_blocks.#": "0",
                            "ingress.2095391280.protocol": "tcp",
                            "ingress.2095391280.security_groups.#": "0",
                            "ingress.2095391280.self": "false",
                            "ingress.2095391280.to_port": "3888",
                            "ingress.2214680975.cidr_blocks.#": "1",
                            "ingress.2214680975.cidr_blocks.0": "0.0.0.0/0",
                            "ingress.2214680975.description": "",
                            "ingress.2214680975.from_port": "80",
                            "ingress.2214680975.ipv6_cidr_blocks.#": "0",
                            "ingress.2214680975.protocol": "tcp",
                            "ingress.2214680975.security_groups.#": "0",
                            "ingress.2214680975.self": "false",
                            "ingress.2214680975.to_port": "80",
                            "ingress.2541437006.cidr_blocks.#": "1",
                            "ingress.2541437006.cidr_blocks.0": "0.0.0.0/0",
                            "ingress.2541437006.description": "",
                            "ingress.2541437006.from_port": "22",
                            "ingress.2541437006.ipv6_cidr_blocks.#": "0",
                            "ingress.2541437006.protocol": "tcp",
                            "ingress.2541437006.security_groups.#": "0",
                            "ingress.2541437006.self": "false",
                            "ingress.2541437006.to_port": "22",
                            "ingress.2617001939.cidr_blocks.#": "1",
                            "ingress.2617001939.cidr_blocks.0": "0.0.0.0/0",
                            "ingress.2617001939.description": "",
                            "ingress.2617001939.from_port": "443",
                            "ingress.2617001939.ipv6_cidr_blocks.#": "0",
                            "ingress.2617001939.protocol": "tcp",
                            "ingress.2617001939.security_groups.#": "0",
                            "ingress.2617001939.self": "false",
                            "ingress.2617001939.to_port": "443",
                            "ingress.3842920758.cidr_blocks.#": "1",
                            "ingress.3842920758.cidr_blocks.0": "0.0.0.0/0",
                            "ingress.3842920758.description": "",
                            "ingress.3842920758.from_port": "2888",
                            "ingress.3842920758.ipv6_cidr_blocks.#": "0",
                            "ingress.3842920758.protocol": "tcp",
                            "ingress.3842920758.security_groups.#": "0",
                            "ingress.3842920758.self": "false",
                            "ingress.3842920758.to_port": "2888",
                            "ingress.4003573398.cidr_blocks.#": "1",
                            "ingress.4003573398.cidr_blocks.0": "0.0.0.0/0",
                            "ingress.4003573398.description": "",
                            "ingress.4003573398.from_port": "9092",
                            "ingress.4003573398.ipv6_cidr_blocks.#": "0",
                            "ingress.4003573398.protocol": "tcp",
                            "ingress.4003573398.security_groups.#": "0",
                            "ingress.4003573398.self": "false",
                            "ingress.4003573398.to_port": "9092",
                            "name": "kafka_security_group",
                            "owner_id": "343969207819",
                            "revoke_rules_on_delete": "false",
                            "tags.%": "1",
                            "tags.Name": "kafka-vpc",
                            "vpc_id": "vpc-a0f955c6"
                        },
                        "meta": {
                            "schema_version": "1"
                        },
                        "tainted": false
                    },
                    "deposed": [],
                    "provider": "provider.aws"
                },
                "aws_subnet.kafka_public": {
                    "type": "aws_subnet",
                    "depends_on": [
                        "aws_vpc.kafka_vpc"
                    ],
                    "primary": {
                        "id": "subnet-ee70b9a6",
                        "attributes": {
                            "assign_ipv6_address_on_creation": "false",
                            "availability_zone": "eu-west-1a",
                            "cidr_block": "10.0.1.0/24",
                            "id": "subnet-ee70b9a6",
                            "map_public_ip_on_launch": "true",
                            "tags.%": "1",
                            "tags.Name": "Kafka_public 1a",
                            "vpc_id": "vpc-a0f955c6"
                        },
                        "meta": {
                            "schema_version": "1"
                        },
                        "tainted": false
                    },
                    "deposed": [],
                    "provider": "provider.aws"
                },
                "aws_vpc.kafka_vpc": {
                    "type": "aws_vpc",
                    "depends_on": [],
                    "primary": {
                        "id": "vpc-a0f955c6",
                        "attributes": {
                            "assign_generated_ipv6_cidr_block": "false",
                            "cidr_block": "10.0.0.0/16",
                            "default_network_acl_id": "acl-7a48151c",
                            "default_route_table_id": "rtb-59cc3020",
                            "default_security_group_id": "sg-a00395da",
                            "dhcp_options_id": "dopt-98bfb2ff",
                            "enable_classiclink": "false",
                            "enable_classiclink_dns_support": "false",
                            "enable_dns_hostnames": "true",
                            "enable_dns_support": "true",
                            "id": "vpc-a0f955c6",
                            "instance_tenancy": "default",
                            "main_route_table_id": "rtb-59cc3020",
                            "tags.%": "1",
                            "tags.Name": "kafka-vpc"
                        },
                        "meta": {
                            "schema_version": "1"
                        },
                        "tainted": false
                    },
                    "deposed": [],
                    "provider": "provider.aws"
                }
            },
            "depends_on": []
        },
        {
            "path": [
                "root",
                "kafka"
            ],
            "outputs": {
                "node_address": {
                    "sensitive": false,
                    "type": "string",
                    "value": "ec2-34-240-227-62.eu-west-1.compute.amazonaws.com:9092,ec2-34-241-170-23.eu-west-1.compute.amazonaws.com:9092"
                }
            },
            "resources": {
                "aws_instance.kafka.0": {
                    "type": "aws_instance",
                    "depends_on": [],
                    "primary": {
                        "id": "i-004aacae5925488ac",
                        "attributes": {
                            "ami": "ami-1b791862",
                            "associate_public_ip_address": "true",
                            "availability_zone": "eu-west-1a",
                            "disable_api_termination": "false",
                            "ebs_block_device.#": "1",
                            "ebs_block_device.3905984573.delete_on_termination": "true",
                            "ebs_block_device.3905984573.device_name": "/dev/xvdb",
                            "ebs_block_device.3905984573.encrypted": "false",
                            "ebs_block_device.3905984573.iops": "600",
                            "ebs_block_device.3905984573.snapshot_id": "",
                            "ebs_block_device.3905984573.volume_id": "vol-0b28fda7cdc1b70a9",
                            "ebs_block_device.3905984573.volume_size": "200",
                            "ebs_block_device.3905984573.volume_type": "gp2",
                            "ebs_optimized": "false",
                            "ephemeral_block_device.#": "0",
                            "iam_instance_profile": "",
                            "id": "i-004aacae5925488ac",
                            "instance_state": "running",
                            "instance_type": "t2.small",
                            "ipv6_addresses.#": "0",
                            "key_name": "terraform",
                            "monitoring": "false",
                            "network_interface.#": "0",
                            "network_interface_id": "eni-b7de4984",
                            "placement_group": "",
                            "primary_network_interface_id": "eni-b7de4984",
                            "private_dns": "ip-10-0-1-214.eu-west-1.compute.internal",
                            "private_ip": "10.0.1.214",
                            "public_dns": "ec2-34-240-227-62.eu-west-1.compute.amazonaws.com",
                            "public_ip": "34.240.227.62",
                            "root_block_device.#": "1",
                            "root_block_device.0.delete_on_termination": "true",
                            "root_block_device.0.iops": "100",
                            "root_block_device.0.volume_id": "vol-0d016f90e26bec4f8",
                            "root_block_device.0.volume_size": "8",
                            "root_block_device.0.volume_type": "gp2",
                            "security_groups.#": "0",
                            "source_dest_check": "true",
                            "subnet_id": "subnet-ee70b9a6",
                            "tags.%": "1",
                            "tags.Name": "kafka1",
                            "tenancy": "default",
                            "volume_tags.%": "0",
                            "vpc_security_group_ids.#": "1",
                            "vpc_security_group_ids.3001889185": "sg-8f0b9df5"
                        },
                        "meta": {
                            "e2bfb730-ecaa-11e6-8f88-34363bc7c4c0": {
                                "create": 600000000000,
                                "delete": 600000000000,
                                "update": 600000000000
                            },
                            "schema_version": "1"
                        },
                        "tainted": false
                    },
                    "deposed": [],
                    "provider": "provider.aws"
                },
                "aws_instance.kafka.1": {
                    "type": "aws_instance",
                    "depends_on": [],
                    "primary": {
                        "id": "i-0d3d09e26ada2d314",
                        "attributes": {
                            "ami": "ami-1b791862",
                            "associate_public_ip_address": "true",
                            "availability_zone": "eu-west-1a",
                            "disable_api_termination": "false",
                            "ebs_block_device.#": "1",
                            "ebs_block_device.3905984573.delete_on_termination": "true",
                            "ebs_block_device.3905984573.device_name": "/dev/xvdb",
                            "ebs_block_device.3905984573.encrypted": "false",
                            "ebs_block_device.3905984573.iops": "600",
                            "ebs_block_device.3905984573.snapshot_id": "",
                            "ebs_block_device.3905984573.volume_id": "vol-0a6cad0a38ff31517",
                            "ebs_block_device.3905984573.volume_size": "200",
                            "ebs_block_device.3905984573.volume_type": "gp2",
                            "ebs_optimized": "false",
                            "ephemeral_block_device.#": "0",
                            "iam_instance_profile": "",
                            "id": "i-0d3d09e26ada2d314",
                            "instance_state": "running",
                            "instance_type": "t2.small",
                            "ipv6_addresses.#": "0",
                            "key_name": "terraform",
                            "monitoring": "false",
                            "network_interface.#": "0",
                            "network_interface_id": "eni-a5d04796",
                            "placement_group": "",
                            "primary_network_interface_id": "eni-a5d04796",
                            "private_dns": "ip-10-0-1-163.eu-west-1.compute.internal",
                            "private_ip": "10.0.1.163",
                            "public_dns": "ec2-34-241-170-23.eu-west-1.compute.amazonaws.com",
                            "public_ip": "34.241.170.23",
                            "root_block_device.#": "1",
                            "root_block_device.0.delete_on_termination": "true",
                            "root_block_device.0.iops": "100",
                            "root_block_device.0.volume_id": "vol-086db5f405a1713c4",
                            "root_block_device.0.volume_size": "8",
                            "root_block_device.0.volume_type": "gp2",
                            "security_groups.#": "0",
                            "source_dest_check": "true",
                            "subnet_id": "subnet-ee70b9a6",
                            "tags.%": "1",
                            "tags.Name": "kafka2",
                            "tenancy": "default",
                            "volume_tags.%": "0",
                            "vpc_security_group_ids.#": "1",
                            "vpc_security_group_ids.3001889185": "sg-8f0b9df5"
                        },
                        "meta": {
                            "e2bfb730-ecaa-11e6-8f88-34363bc7c4c0": {
                                "create": 600000000000,
                                "delete": 600000000000,
                                "update": 600000000000
                            },
                            "schema_version": "1"
                        },
                        "tainted": false
                    },
                    "deposed": [],
                    "provider": "provider.aws"
                }
            },
            "depends_on": []
        },
        {
            "path": [
                "root",
                "zookeeper"
            ],
            "outputs": {
                "node_address": {
                    "sensitive": false,
                    "type": "string",
                    "value": "10.0.1.21:2181,10.0.1.22:2181"
                }
            },
            "resources": {
                "aws_instance.zookeeper.0": {
                    "type": "aws_instance",
                    "depends_on": [],
                    "primary": {
                        "id": "i-0caa7bed1270f5226",
                        "attributes": {
                            "ami": "ami-1b791862",
                            "associate_public_ip_address": "true",
                            "availability_zone": "eu-west-1a",
                            "disable_api_termination": "false",
                            "ebs_block_device.#": "0",
                            "ebs_optimized": "false",
                            "ephemeral_block_device.#": "0",
                            "iam_instance_profile": "",
                            "id": "i-0caa7bed1270f5226",
                            "instance_state": "running",
                            "instance_type": "t2.micro",
                            "ipv6_addresses.#": "0",
                            "key_name": "terraform",
                            "monitoring": "false",
                            "network_interface.#": "0",
                            "network_interface_id": "eni-9ed146ad",
                            "placement_group": "",
                            "primary_network_interface_id": "eni-9ed146ad",
                            "private_dns": "ip-10-0-1-21.eu-west-1.compute.internal",
                            "private_ip": "10.0.1.21",
                            "public_dns": "ec2-34-244-195-67.eu-west-1.compute.amazonaws.com",
                            "public_ip": "34.244.195.67",
                            "root_block_device.#": "1",
                            "root_block_device.0.delete_on_termination": "true",
                            "root_block_device.0.iops": "100",
                            "root_block_device.0.volume_id": "vol-0b2b327153b42acfc",
                            "root_block_device.0.volume_size": "8",
                            "root_block_device.0.volume_type": "gp2",
                            "security_groups.#": "0",
                            "source_dest_check": "true",
                            "subnet_id": "subnet-ee70b9a6",
                            "tags.%": "1",
                            "tags.Name": "zookeeper1",
                            "tenancy": "default",
                            "volume_tags.%": "0",
                            "vpc_security_group_ids.#": "1",
                            "vpc_security_group_ids.3001889185": "sg-8f0b9df5"
                        },
                        "meta": {
                            "e2bfb730-ecaa-11e6-8f88-34363bc7c4c0": {
                                "create": 600000000000,
                                "delete": 600000000000,
                                "update": 600000000000
                            },
                            "schema_version": "1"
                        },
                        "tainted": false
                    },
                    "deposed": [],
                    "provider": "provider.aws"
                },
                "aws_instance.zookeeper.1": {
                    "type": "aws_instance",
                    "depends_on": [],
                    "primary": {
                        "id": "i-026973c24c66547e7",
                        "attributes": {
                            "ami": "ami-1b791862",
                            "associate_public_ip_address": "true",
                            "availability_zone": "eu-west-1a",
                            "disable_api_termination": "false",
                            "ebs_block_device.#": "0",
                            "ebs_optimized": "false",
                            "ephemeral_block_device.#": "0",
                            "iam_instance_profile": "",
                            "id": "i-026973c24c66547e7",
                            "instance_state": "running",
                            "instance_type": "t2.micro",
                            "ipv6_addresses.#": "0",
                            "key_name": "terraform",
                            "monitoring": "false",
                            "network_interface.#": "0",
                            "network_interface_id": "eni-f3de49c0",
                            "placement_group": "",
                            "primary_network_interface_id": "eni-f3de49c0",
                            "private_dns": "ip-10-0-1-22.eu-west-1.compute.internal",
                            "private_ip": "10.0.1.22",
                            "public_dns": "ec2-34-244-5-158.eu-west-1.compute.amazonaws.com",
                            "public_ip": "34.244.5.158",
                            "root_block_device.#": "1",
                            "root_block_device.0.delete_on_termination": "true",
                            "root_block_device.0.iops": "100",
                            "root_block_device.0.volume_id": "vol-01b50d9da2181f03a",
                            "root_block_device.0.volume_size": "8",
                            "root_block_device.0.volume_type": "gp2",
                            "security_groups.#": "0",
                            "source_dest_check": "true",
                            "subnet_id": "subnet-ee70b9a6",
                            "tags.%": "1",
                            "tags.Name": "zookeeper2",
                            "tenancy": "default",
                            "volume_tags.%": "0",
                            "vpc_security_group_ids.#": "1",
                            "vpc_security_group_ids.3001889185": "sg-8f0b9df5"
                        },
                        "meta": {
                            "e2bfb730-ecaa-11e6-8f88-34363bc7c4c0": {
                                "create": 600000000000,
                                "delete": 600000000000,
                                "update": 600000000000
                            },
                            "schema_version": "1"
                        },
                        "tainted": false
                    },
                    "deposed": [],
                    "provider": "provider.aws"
                }
            },
            "depends_on": []
        }
    ]
}
